
Microsoft Visual Studio Solution File, Format Version 12.00
# Visual Studio Version 17
VisualStudioVersion = 17.14.36212.18
MinimumVisualStudioVersion = 10.0.40219.1
Project("{FAE04EC0-301F-11D3-BF4B-00C04F79EFBC}") = "ProCeur.API", "ProCeur.API\ProCeur.API.csproj", "{3547F051-843A-FEC7-C44C-22BE517C622E}"
EndProject
Global
	GlobalSection(SolutionConfigurationPlatforms) = preSolution
		Debug|Any CPU = Debug|Any CPU
		Release|Any CPU = Release|Any CPU
	EndGlobalSection
	GlobalSection(ProjectConfigurationPlatforms) = postSolution
		{3547F051-843A-FEC7-C44C-22BE517C622E}.Debug|Any CPU.ActiveCfg = Debug|Any CPU
		{3547F051-843A-FEC7-C44C-22BE517C622E}.Debug|Any CPU.Build.0 = Debug|Any CPU
		{3547F051-843A-FEC7-C44C-22BE517C622E}.Release|Any CPU.ActiveCfg = Release|Any CPU
		{3547F051-843A-FEC7-C44C-22BE517C622E}.Release|Any CPU.Build.0 = Release|Any CPU
	EndGlobalSection
	GlobalSection(SolutionProperties) = preSolution
		HideSolutionNode = FALSE
	EndGlobalSection
	GlobalSection(ExtensibilityGlobals) = postSolution
		SolutionGuid = {E2A1EDBB-07C1-4403-AB87-7E6FB833F94D}
	EndGlobalSection
EndGlobal
